
Microsoft Visual Studio Solution File, Format Version 12.00
# Visual Studio Version 17
VisualStudioVersion = 17.11.35327.3
MinimumVisualStudioVersion = 10.0.40219.1
Project("{9A19103F-16F7-4668-BE54-9A1E7A4F7556}") = "OrderManagementSystem", "OrderManagementSystem.csproj", "{C5BDE549-71F4-4133-912D-BF9EFEEF0344}"
EndProject
Project("{FAE04EC0-301F-11D3-BF4B-00C04F79EFBC}") = "OrderManagementTestOrderManagementSystem.Tests", "..\OrderManagementTestOrderManagementSystem.Tests\OrderManagementTestOrderManagementSystem.Tests.csproj", "{9C5FD96F-E4AE-4938-966E-17648837C377}"
EndProject
Global
	GlobalSection(SolutionConfigurationPlatforms) = preSolution
		Debug|Any CPU = Debug|Any CPU
		Release|Any CPU = Release|Any CPU
	EndGlobalSection
	GlobalSection(ProjectConfigurationPlatforms) = postSolution
		{C5BDE549-71F4-4133-912D-BF9EFEEF0344}.Debug|Any CPU.ActiveCfg = Debug|Any CPU
		{C5BDE549-71F4-4133-912D-BF9EFEEF0344}.Debug|Any CPU.Build.0 = Debug|Any CPU
		{C5BDE549-71F4-4133-912D-BF9EFEEF0344}.Release|Any CPU.ActiveCfg = Release|Any CPU
		{C5BDE549-71F4-4133-912D-BF9EFEEF0344}.Release|Any CPU.Build.0 = Release|Any CPU
		{9C5FD96F-E4AE-4938-966E-17648837C377}.Debug|Any CPU.ActiveCfg = Debug|Any CPU
		{9C5FD96F-E4AE-4938-966E-17648837C377}.Debug|Any CPU.Build.0 = Debug|Any CPU
		{9C5FD96F-E4AE-4938-966E-17648837C377}.Release|Any CPU.ActiveCfg = Release|Any CPU
		{9C5FD96F-E4AE-4938-966E-17648837C377}.Release|Any CPU.Build.0 = Release|Any CPU
	EndGlobalSection
	GlobalSection(SolutionProperties) = preSolution
		HideSolutionNode = FALSE
	EndGlobalSection
	GlobalSection(ExtensibilityGlobals) = postSolution
		SolutionGuid = {23D505BF-5E53-4836-B06C-E0A8847F4DFE}
	EndGlobalSection
EndGlobal
